{
  "requires": true,
  "lockfileVersion": 1,
  "dependencies": {
    "@types/node": {
      "version": "8.0.22",
      "resolved": "https://registry.npmjs.org/@types/node/-/node-8.0.22.tgz",
      "integrity": "sha512-+YQ5JLlvLP24teVUdUDep83mAWIFoAnOMosrH/2+xDeU9YMUpmMJtYOqVtbivs37h2PL9svz0R3r/MfVuEvEIA=="
    },
    "@types/promise": {
      "version": "7.1.30",
      "resolved": "https://registry.npmjs.org/@types/promise/-/promise-7.1.30.tgz",
      "integrity": "sha1-G2cUsyH9/FTRUn56FxFqDh8quBA="
    }
  }
}
